# THIS IS AN AUTOGENERATED FILE. DO NOT EDIT THIS FILE DIRECTLY.
# yarn lockfile v1


eventemitter3@^4.0.7:
  version "4.0.7"
  resolved "https://mirrors.huaweicloud.com/repository/npm/eventemitter3/-/eventemitter3-4.0.7.tgz#2de9b68f6528d5644ef5c59526a1b4a07306169f"
  integrity sha512-8guHBZCwKnFhYdHr2ysuRWErTwhoN2X8XELRlrRwpmfeY2jjuUN4taQMsULKUVo1K4DvZl+0pgfyoysHxvmvEw==

eventemitter@^0.3.3:
  version "0.3.3"
  resolved "https://mirrors.huaweicloud.com/repository/npm/eventemitter/-/eventemitter-0.3.3.tgz#d3a0a97edf2d2890b6aa8a703e93a43c03ad8e45"
  integrity sha1-06Cpft8tKJC2qopwPpOkPAOtjkU=

konva@^8.3.5:
  version "8.3.5"
  resolved "https://mirrors.huaweicloud.com/repository/npm/konva/-/konva-8.3.5.tgz#017799db93f70ef6437eaa8e7776a4b32648344b"
  integrity sha512-RjaZN8PwZN3n/AlqLmtPNozLRXd6pPo11UawTJpvuOAKEkSQSXI1EHntDRIPnrrJ/j4gU0VmPzWs7/ZgLZnAPQ==

lodash@^4.17.21:
  version "4.17.21"
  resolved "https://mirrors.huaweicloud.com/repository/npm/lodash/-/lodash-4.17.21.tgz#679591c564c3bffaae8454cf0b3df370c3d6911c"
  integrity sha512-v2kDEe57lecTulaDIuNTPy3Ry4gLGJ6Z1O3vE1krgXZNrsQ+LFTGHVxVjcXPs17LhbZVGedAJv8XZ1tvj5FvSg==

typescript@^4.6.3:
  version "4.6.3"
  resolved "https://mirrors.huaweicloud.com/repository/npm/typescript/-/typescript-4.6.3.tgz#eefeafa6afdd31d725584c67a0eaba80f6fc6c6c"
  integrity sha512-yNIatDa5iaofVozS/uQJEl3JRWLKKGJKh6Yaiv0GLGSuhpFJe7P3SbHZ8/yjAHRQwKRoA6YZqlfjXWmVzoVSMw==
